Microsoft Visual Studio Solution File, Format Version 12.00
# Visual Studio 15
VisualStudioVersion = 15.0.27130.2010
MinimumVisualStudioVersion = 10.0.40219.1
Project("{FAE04EC0-301F-11D3-BF4B-00C04F79EFBC}") = "JUST_PONotifier", "JUST_PONotifier\JUST_PONotifier.csproj", "{C52D3A85-7C0A-4020-BF05-4D7AF272D026}"
EndProject
Project("{FAE04EC0-301F-11D3-BF4B-00C04F79EFBC}") = "JUST.Shared.Tests", "JUST_PONotifier_Tests\JUST.Shared.Tests.csproj", "{927B544A-38AA-4357-83B8-351AC646CE55}"
EndProject
Project("{FAE04EC0-301F-11D3-BF4B-00C04F79EFBC}") = "JUST.Shared", "JUST.Shared\JUST.Shared.csproj", "{AA2086E5-3BCC-4684-ABE0-2D1F34457D77}"
EndProject
Project("{FAE04EC0-301F-11D3-BF4B-00C04F79EFBC}") = "Just.QuoteNeeded", "Just.QuoteNeeded\Just.QuoteNeeded.csproj", "{419B791E-93ED-403A-9F1F-A14B37A5AC35}"
EndProject
Global
	GlobalSection(SolutionConfigurationPlatforms) = preSolution
		Debug|Any CPU = Debug|Any CPU
		Debug|x86 = Debug|x86
		Release|Any CPU = Release|Any CPU
		Release|x86 = Release|x86
	EndGlobalSection
	GlobalSection(ProjectConfigurationPlatforms) = postSolution
		{C52D3A85-7C0A-4020-BF05-4D7AF272D026}.Debug|Any CPU.ActiveCfg = Debug|x86
		{C52D3A85-7C0A-4020-BF05-4D7AF272D026}.Debug|x86.ActiveCfg = Debug|x86
		{C52D3A85-7C0A-4020-BF05-4D7AF272D026}.Debug|x86.Build.0 = Debug|x86
		{C52D3A85-7C0A-4020-BF05-4D7AF272D026}.Release|Any CPU.ActiveCfg = Release|x86
		{C52D3A85-7C0A-4020-BF05-4D7AF272D026}.Release|x86.ActiveCfg = Release|x86
		{C52D3A85-7C0A-4020-BF05-4D7AF272D026}.Release|x86.Build.0 = Release|x86
		{927B544A-38AA-4357-83B8-351AC646CE55}.Debug|Any CPU.ActiveCfg = Debug|Any CPU
		{927B544A-38AA-4357-83B8-351AC646CE55}.Debug|Any CPU.Build.0 = Debug|Any CPU
		{927B544A-38AA-4357-83B8-351AC646CE55}.Debug|x86.ActiveCfg = Debug|Any CPU
		{927B544A-38AA-4357-83B8-351AC646CE55}.Debug|x86.Build.0 = Debug|Any CPU
		{927B544A-38AA-4357-83B8-351AC646CE55}.Release|Any CPU.ActiveCfg = Release|Any CPU
		{927B544A-38AA-4357-83B8-351AC646CE55}.Release|Any CPU.Build.0 = Release|Any CPU
		{927B544A-38AA-4357-83B8-351AC646CE55}.Release|x86.ActiveCfg = Release|Any CPU
		{927B544A-38AA-4357-83B8-351AC646CE55}.Release|x86.Build.0 = Release|Any CPU
		{AA2086E5-3BCC-4684-ABE0-2D1F34457D77}.Debug|Any CPU.ActiveCfg = Debug|Any CPU
		{AA2086E5-3BCC-4684-ABE0-2D1F34457D77}.Debug|Any CPU.Build.0 = Debug|Any CPU
		{AA2086E5-3BCC-4684-ABE0-2D1F34457D77}.Debug|x86.ActiveCfg = Debug|Any CPU
		{AA2086E5-3BCC-4684-ABE0-2D1F34457D77}.Debug|x86.Build.0 = Debug|Any CPU
		{AA2086E5-3BCC-4684-ABE0-2D1F34457D77}.Release|Any CPU.ActiveCfg = Release|Any CPU
		{AA2086E5-3BCC-4684-ABE0-2D1F34457D77}.Release|Any CPU.Build.0 = Release|Any CPU
		{AA2086E5-3BCC-4684-ABE0-2D1F34457D77}.Release|x86.ActiveCfg = Release|Any CPU
		{AA2086E5-3BCC-4684-ABE0-2D1F34457D77}.Release|x86.Build.0 = Release|Any CPU
		{419B791E-93ED-403A-9F1F-A14B37A5AC35}.Debug|Any CPU.ActiveCfg = Debug|Any CPU
		{419B791E-93ED-403A-9F1F-A14B37A5AC35}.Debug|Any CPU.Build.0 = Debug|Any CPU
		{419B791E-93ED-403A-9F1F-A14B37A5AC35}.Debug|x86.ActiveCfg = Debug|Any CPU
		{419B791E-93ED-403A-9F1F-A14B37A5AC35}.Debug|x86.Build.0 = Debug|Any CPU
		{419B791E-93ED-403A-9F1F-A14B37A5AC35}.Release|Any CPU.ActiveCfg = Release|Any CPU
		{419B791E-93ED-403A-9F1F-A14B37A5AC35}.Release|Any CPU.Build.0 = Release|Any CPU
		{419B791E-93ED-403A-9F1F-A14B37A5AC35}.Release|x86.ActiveCfg = Release|Any CPU
		{419B791E-93ED-403A-9F1F-A14B37A5AC35}.Release|x86.Build.0 = Release|Any CPU
	EndGlobalSection
	GlobalSection(SolutionProperties) = preSolution
		HideSolutionNode = FALSE
	EndGlobalSection
	GlobalSection(ExtensibilityGlobals) = postSolution
		SolutionGuid = {35D1296B-0B51-41C6-8991-69F6C51FCAB9}
	EndGlobalSection
EndGlobal
